{
  "name": "ycp-taskHelp",
  "lockfileVersion": 3,
  "requires": true,
  "packages": {
    "": {
      "dependencies": {
        "antd": "^5.11.0"
      }
    },
    "node_modules/@ant-design/colors": {
      "version": "7.0.0",
      "resolved": "https://registry.npmjs.org/@ant-design/colors/-/colors-7.0.0.tgz",
      "integrity": "sha512-iVm/9PfGCbC0dSMBrz7oiEXZaaGH7ceU40OJEfKmyuzR9R5CRimJYPlRiFtMQGQcbNMea/ePcoIebi4ASGYXtg==",
      "dependencies": {
        "@ctrl/tinycolor": "^3.4.0"
      }
    },
    "node_modules/@ant-design/cssinjs": {
      "version": "1.17.2",
      "resolved": "https://registry.npmjs.org/@ant-design/cssinjs/-/cssinjs-1.17.2.tgz",
      "integrity": "sha512-vu7lnfEx4Mf8MPzZxn506Zen3Nt4fRr2uutwvdCuTCN5IiU0lDdQ0tiJ24/rmB8+pefwjluYsbyzbQSbgfJy+A==",
      "dependencies": {
        "@babel/runtime": "^7.11.1",
        "@emotion/hash": "^0.8.0",
        "@emotion/unitless": "^0.7.5",
        "classnames": "^2.3.1",
        "csstype": "^3.0.10",
        "rc-util": "^5.35.0",
        "stylis": "^4.0.13"
      },
      "peerDependencies": {
        "react": ">=16.0.0",
        "react-dom": ">=16.0.0"
      }
    },
    "node_modules/@ant-design/icons": {
      "version": "5.2.6",
      "resolved": "https://registry.npmjs.org/@ant-design/icons/-/icons-5.2.6.tgz",
      "integrity": "sha512-4wn0WShF43TrggskBJPRqCD0fcHbzTYjnaoskdiJrVHg86yxoZ8ZUqsXvyn4WUqehRiFKnaclOhqk9w4Ui2KVw==",
      "dependencies": {
        "@ant-design/colors": "^7.0.0",
        "@ant-design/icons-svg": "^4.3.0",
        "@babel/runtime": "^7.11.2",
        "classnames": "^2.2.6",
        "rc-util": "^5.31.1"
      },
      "engines": {
        "node": ">=8"
      },
      "peerDependencies": {
        "react": ">=16.0.0",
        "react-dom": ">=16.0.0"
      }
    },
    "node_modules/@ant-design/icons-svg": {
      "version": "4.3.1",
      "resolved": "https://registry.npmjs.org/@ant-design/icons-svg/-/icons-svg-4.3.1.tgz",
      "integrity": "sha512-4QBZg8ccyC6LPIRii7A0bZUk3+lEDCLnhB+FVsflGdcWPPmV+j3fire4AwwoqHV/BibgvBmR9ZIo4s867smv+g=="
    },
    "node_modules/@ant-design/react-slick": {
      "version": "1.0.2",
      "resolved": "https://registry.npmjs.org/@ant-design/react-slick/-/react-slick-1.0.2.tgz",
      "integrity": "sha512-Wj8onxL/T8KQLFFiCA4t8eIRGpRR+UPgOdac2sYzonv+i0n3kXHmvHLLiOYL655DQx2Umii9Y9nNgL7ssu5haQ==",
      "dependencies": {
        "@babel/runtime": "^7.10.4",
        "classnames": "^2.2.5",
        "json2mq": "^0.2.0",
        "resize-observer-polyfill": "^1.5.1",
        "throttle-debounce": "^5.0.0"
      },
      "peerDependencies": {
        "react": ">=16.9.0"
      }
    },
    "node_modules/@babel/runtime": {
      "version": "7.23.2",
      "license": "MIT",
      "dependencies": {
        "regenerator-runtime": "^0.14.0"
      },
      "engines": {
        "node": ">=6.9.0"
      }
    },
    "node_modules/@ctrl/tinycolor": {
      "version": "3.6.1",
      "resolved": "https://registry.npmjs.org/@ctrl/tinycolor/-/tinycolor-3.6.1.tgz",
      "integrity": "sha512-SITSV6aIXsuVNV3f3O0f2n/cgyEDWoSqtZMYiAmcsYHydcKrOz3gUxB/iXd/Qf08+IZX4KpgNbvUdMBmWz+kcA==",
      "engines": {
        "node": ">=10"
      }
    },
    "node_modules/@emotion/hash": {
      "version": "0.8.0",
      "resolved": "https://registry.npmjs.org/@emotion/hash/-/hash-0.8.0.tgz",
      "integrity": "sha512-kBJtf7PH6aWwZ6fka3zQ0p6SBYzx4fl1LoZXE2RrnYST9Xljm7WfKJrU4g/Xr3Beg72MLrp1AWNUmuYJTL7Cow=="
    },
    "node_modules/@emotion/unitless": {
      "version": "0.7.5",
      "resolved": "https://registry.npmjs.org/@emotion/unitless/-/unitless-0.7.5.tgz",
      "integrity": "sha512-OWORNpfjMsSSUBVrRBVGECkhWcULOAJz9ZW8uK9qgxD+87M7jHRcvh/A96XXNhXTLmKcoYSQtBEX7lHMO7YRwg=="
    },
    "node_modules/@rc-component/color-picker": {
      "version": "1.4.1",
      "resolved": "https://registry.npmjs.org/@rc-component/color-picker/-/color-picker-1.4.1.tgz",
      "integrity": "sha512-vh5EWqnsayZa/JwUznqDaPJz39jznx/YDbyBuVJntv735tKXKwEUZZb2jYEldOg+NKWZwtALjGMrNeGBmqFoEw==",
      "dependencies": {
        "@babel/runtime": "^7.10.1",
        "@ctrl/tinycolor": "^3.6.0",
        "classnames": "^2.2.6",
        "rc-util": "^5.30.0"
      },
      "peerDependencies": {
        "react": ">=16.9.0",
        "react-dom": ">=16.9.0"
      }
    },
    "node_modules/@rc-component/context": {
      "version": "1.4.0",
      "resolved": "https://registry.npmjs.org/@rc-component/context/-/context-1.4.0.tgz",
      "integrity": "sha512-kFcNxg9oLRMoL3qki0OMxK+7g5mypjgaaJp/pkOis/6rVxma9nJBF/8kCIuTYHUQNr0ii7MxqE33wirPZLJQ2w==",
      "dependencies": {
        "@babel/runtime": "^7.10.1",
        "rc-util": "^5.27.0"
      },
      "peerDependencies": {
        "react": ">=16.9.0",
        "react-dom": ">=16.9.0"
      }
    },
    "node_modules/@rc-component/mini-decimal": {
      "version": "1.1.0",
      "resolved": "https://registry.npmjs.org/@rc-component/mini-decimal/-/mini-decimal-1.1.0.tgz",
      "integrity": "sha512-jS4E7T9Li2GuYwI6PyiVXmxTiM6b07rlD9Ge8uGZSCz3WlzcG5ZK7g5bbuKNeZ9pgUuPK/5guV781ujdVpm4HQ==",
      "dependencies": {
        "@babel/runtime": "^7.18.0"
      },
      "engines": {
        "node": ">=8.x"
      }
    },
    "node_modules/@rc-component/mutate-observer": {
      "version": "1.1.0",
      "resolved": "https://registry.npmjs.org/@rc-component/mutate-observer/-/mutate-observer-1.1.0.tgz",
      "integrity": "sha512-QjrOsDXQusNwGZPf4/qRQasg7UFEj06XiCJ8iuiq/Io7CrHrgVi6Uuetw60WAMG1799v+aM8kyc+1L/GBbHSlw==",
      "dependencies": {
        "@babel/runtime": "^7.18.0",
        "classnames": "^2.3.2",
        "rc-util": "^5.24.4"
      },
      "engines": {
        "node": ">=8.x"
      },
      "peerDependencies": {
        "react": ">=16.9.0",
        "react-dom": ">=16.9.0"
      }
    },
    "node_modules/@rc-component/portal": {
      "version": "1.1.2",
      "resolved": "https://registry.npmjs.org/@rc-component/portal/-/portal-1.1.2.tgz",
      "integrity": "sha512-6f813C0IsasTZms08kfA8kPAGxbbkYToa8ALaiDIGGECU4i9hj8Plgbx0sNJDrey3EtHO30hmdaxtT0138xZcg==",
      "dependencies": {
        "@babel/runtime": "^7.18.0",
        "classnames": "^2.3.2",
        "rc-util": "^5.24.4"
      },
      "engines": {
        "node": ">=8.x"
      },
      "peerDependencies": {
        "react": ">=16.9.0",
        "react-dom": ">=16.9.0"
      }
    },
    "node_modules/@rc-component/tour": {
      "version": "1.10.0",
      "resolved": "https://registry.npmjs.org/@rc-component/tour/-/tour-1.10.0.tgz",
      "integrity": "sha512-voV0BKaTJbewB9LLgAHQ7tAGG7rgDkKQkZo82xw2gIk542hY+o7zwoqdN16oHhIKk7eG/xi+mdXrONT62Dt57A==",
      "dependencies": {
        "@babel/runtime": "^7.18.0",
        "@rc-component/portal": "^1.0.0-9",
        "@rc-component/trigger": "^1.3.6",
        "classnames": "^2.3.2",
        "rc-util": "^5.24.4"
      },
      "engines": {
        "node": ">=8.x"
      },
      "peerDependencies": {
        "react": ">=16.9.0",
        "react-dom": ">=16.9.0"
      }
    },
    "node_modules/@rc-component/trigger": {
      "version": "1.18.0",
      "resolved": "https://registry.npmjs.org/@rc-component/trigger/-/trigger-1.18.0.tgz",
      "integrity": "sha512-vloGnWpeTmt7DBw0OHnG9poQ8h1WFh0hebq6fpgVjGYSxm6JU8rLH+kNwVNNvhL6Rg5He4ESjOk6O7uF9dJhxA==",
      "dependencies": {
        "@babel/runtime": "^7.23.2",
        "@rc-component/portal": "^1.1.0",
        "classnames": "^2.3.2",
        "rc-motion": "^2.0.0",
        "rc-resize-observer": "^1.3.1",
        "rc-util": "^5.38.0"
      },
      "engines": {
        "node": ">=8.x"
      },
      "peerDependencies": {
        "react": ">=16.9.0",
        "react-dom": ">=16.9.0"
      }
    },
    "node_modules/antd": {
      "version": "5.11.0",
      "resolved": "https://registry.npmjs.org/antd/-/antd-5.11.0.tgz",
      "integrity": "sha512-34T5Y6z+Ip+j4faXPTcanTFCLLpR4V0rLHtuz0lbN9gF4coGY/YYa8bhgwXrT6muW0Afwyo3NmbMF52hvIarog==",
      "dependencies": {
        "@ant-design/colors": "^7.0.0",
        "@ant-design/cssinjs": "^1.17.2",
        "@ant-design/icons": "^5.2.6",
        "@ant-design/react-slick": "~1.0.2",
        "@babel/runtime": "^7.18.3",
        "@ctrl/tinycolor": "^3.6.1",
        "@rc-component/color-picker": "~1.4.1",
        "@rc-component/mutate-observer": "^1.1.0",
        "@rc-component/tour": "~1.10.0",
        "@rc-component/trigger": "^1.18.0",
        "classnames": "^2.3.2",
        "copy-to-clipboard": "^3.3.3",
        "dayjs": "^1.11.1",
        "qrcode.react": "^3.1.0",
        "rc-cascader": "~3.20.0",
        "rc-checkbox": "~3.1.0",
        "rc-collapse": "~3.7.1",
        "rc-dialog": "~9.3.4",
        "rc-drawer": "~6.5.2",
        "rc-dropdown": "~4.1.0",
        "rc-field-form": "~1.40.0",
        "rc-image": "~7.3.2",
        "rc-input": "~1.3.5",
        "rc-input-number": "~8.4.0",
        "rc-mentions": "~2.9.1",
        "rc-menu": "~9.12.2",
        "rc-motion": "^2.9.0",
        "rc-notification": "~5.3.0",
        "rc-pagination": "~3.7.0",
        "rc-picker": "~3.14.6",
        "rc-progress": "~3.5.1",
        "rc-rate": "~2.12.0",
        "rc-resize-observer": "^1.4.0",
        "rc-segmented": "~2.2.2",
        "rc-select": "~14.10.0",
        "rc-slider": "~10.4.0",
        "rc-steps": "~6.0.1",
        "rc-switch": "~4.1.0",
        "rc-table": "~7.35.2",
        "rc-tabs": "~12.13.1",
        "rc-textarea": "~1.5.1",
        "rc-tooltip": "~6.1.2",
        "rc-tree": "~5.8.2",
        "rc-tree-select": "~5.15.0",
        "rc-upload": "~4.3.5",
        "rc-util": "^5.38.0",
        "scroll-into-view-if-needed": "^3.1.0",
        "throttle-debounce": "^5.0.0"
      },
      "funding": {
        "type": "opencollective",
        "url": "https://opencollective.com/ant-design"
      },
      "peerDependencies": {
        "react": ">=16.9.0",
        "react-dom": ">=16.9.0"
      }
    },
    "node_modules/array-tree-filter": {
      "version": "2.1.0",
      "resolved": "https://registry.npmjs.org/array-tree-filter/-/array-tree-filter-2.1.0.tgz",
      "integrity": "sha512-4ROwICNlNw/Hqa9v+rk5h22KjmzB1JGTMVKP2AKJBOCgb0yL0ASf0+YvCcLNNwquOHNX48jkeZIJ3a+oOQqKcw=="
    },
    "node_modules/async-validator": {
      "version": "4.2.5",
      "resolved": "https://registry.npmjs.org/async-validator/-/async-validator-4.2.5.tgz",
      "integrity": "sha512-7HhHjtERjqlNbZtqNqy2rckN/SpOOlmDliet+lP7k+eKZEjPk3DgyeU9lIXLdeLz0uBbbVp+9Qdow9wJWgwwfg=="
    },
    "node_modules/classnames": {
      "version": "2.3.2",
      "resolved": "https://registry.npmjs.org/classnames/-/classnames-2.3.2.tgz",
      "integrity": "sha512-CSbhY4cFEJRe6/GQzIk5qXZ4Jeg5pcsP7b5peFSDpffpe1cqjASH/n9UTjBwOp6XpMSTwQ8Za2K5V02ueA7Tmw=="
    },
    "node_modules/compute-scroll-into-view": {
      "version": "3.1.0",
      "resolved": "https://registry.npmjs.org/compute-scroll-into-view/-/compute-scroll-into-view-3.1.0.tgz",
      "integrity": "sha512-rj8l8pD4bJ1nx+dAkMhV1xB5RuZEyVysfxJqB1pRchh1KVvwOv9b7CGB8ZfjTImVv2oF+sYMUkMZq6Na5Ftmbg=="
    },
    "node_modules/copy-to-clipboard": {
      "version": "3.3.3",
      "resolved": "https://registry.npmjs.org/copy-to-clipboard/-/copy-to-clipboard-3.3.3.tgz",
      "integrity": "sha512-2KV8NhB5JqC3ky0r9PMCAZKbUHSwtEo4CwCs0KXgruG43gX5PMqDEBbVU4OUzw2MuAWUfsuFmWvEKG5QRfSnJA==",
      "dependencies": {
        "toggle-selection": "^1.0.6"
      }
    },
    "node_modules/csstype": {
      "version": "3.1.2",
      "license": "MIT"
    },
    "node_modules/dayjs": {
      "version": "1.11.10",
      "resolved": "https://registry.npmjs.org/dayjs/-/dayjs-1.11.10.tgz",
      "integrity": "sha512-vjAczensTgRcqDERK0SR2XMwsF/tSvnvlv6VcF2GIhg6Sx4yOIt/irsr1RDJsKiIyBzJDpCoXiWWq28MqH2cnQ=="
    },
    "node_modules/js-tokens": {
      "version": "4.0.0",
      "license": "MIT",
      "peer": true
    },
    "node_modules/json2mq": {
      "version": "0.2.0",
      "resolved": "https://registry.npmjs.org/json2mq/-/json2mq-0.2.0.tgz",
      "integrity": "sha512-SzoRg7ux5DWTII9J2qkrZrqV1gt+rTaoufMxEzXbS26Uid0NwaJd123HcoB80TgubEppxxIGdNxCx50fEoEWQA==",
      "dependencies": {
        "string-convert": "^0.2.0"
      }
    },
    "node_modules/loose-envify": {
      "version": "1.4.0",
      "license": "MIT",
      "peer": true,
      "dependencies": {
        "js-tokens": "^3.0.0 || ^4.0.0"
      },
      "bin": {
        "loose-envify": "cli.js"
      }
    },
    "node_modules/qrcode.react": {
      "version": "3.1.0",
      "resolved": "https://registry.npmjs.org/qrcode.react/-/qrcode.react-3.1.0.tgz",
      "integrity": "sha512-oyF+Urr3oAMUG/OiOuONL3HXM+53wvuH3mtIWQrYmsXoAq0DkvZp2RYUWFSMFtbdOpuS++9v+WAkzNVkMlNW6Q==",
      "peerDependencies": {
        "react": "^16.8.0 || ^17.0.0 || ^18.0.0"
      }
    },
    "node_modules/rc-cascader": {
      "version": "3.20.0",
      "resolved": "https://registry.npmjs.org/rc-cascader/-/rc-cascader-3.20.0.tgz",
      "integrity": "sha512-lkT9EEwOcYdjZ/jvhLoXGzprK1sijT3/Tp4BLxQQcHDZkkOzzwYQC9HgmKoJz0K7CukMfgvO9KqHeBdgE+pELw==",
      "dependencies": {
        "@babel/runtime": "^7.12.5",
        "array-tree-filter": "^2.1.0",
        "classnames": "^2.3.1",
        "rc-select": "~14.10.0",
        "rc-tree": "~5.8.1",
        "rc-util": "^5.37.0"
      },
      "peerDependencies": {
        "react": ">=16.9.0",
        "react-dom": ">=16.9.0"
      }
    },
    "node_modules/rc-checkbox": {
      "version": "3.1.0",
      "resolved": "https://registry.npmjs.org/rc-checkbox/-/rc-checkbox-3.1.0.tgz",
      "integrity": "sha512-PAwpJFnBa3Ei+5pyqMMXdcKYKNBMS+TvSDiLdDnARnMJHC8ESxwPfm4Ao1gJiKtWLdmGfigascnCpwrHFgoOBQ==",
      "dependencies": {
        "@babel/runtime": "^7.10.1",
        "classnames": "^2.3.2",
        "rc-util": "^5.25.2"
      },
      "peerDependencies": {
        "react": ">=16.9.0",
        "react-dom": ">=16.9.0"
      }
    },
    "node_modules/rc-collapse": {
      "version": "3.7.1",
      "resolved": "https://registry.npmjs.org/rc-collapse/-/rc-collapse-3.7.1.tgz",
      "integrity": "sha512-N/7ejyiTf3XElNJBBpxqnZBUuMsQWEOPjB2QkfNvZ/Ca54eAvJXuOD1EGbCWCk2m7v/MSxku7mRpdeaLOCd4Gg==",
      "dependencies": {
        "@babel/runtime": "^7.10.1",
        "classnames": "2.x",
        "rc-motion": "^2.3.4",
        "rc-util": "^5.27.0"
      },
      "peerDependencies": {
        "react": ">=16.9.0",
        "react-dom": ">=16.9.0"
      }
    },
    "node_modules/rc-dialog": {
      "version": "9.3.4",
      "resolved": "https://registry.npmjs.org/rc-dialog/-/rc-dialog-9.3.4.tgz",
      "integrity": "sha512-975X3018GhR+EjZFbxA2Z57SX5rnu0G0/OxFgMMvZK4/hQWEm3MHaNvP4wXpxYDoJsp+xUvVW+GB9CMMCm81jA==",
      "dependencies": {
        "@babel/runtime": "^7.10.1",
        "@rc-component/portal": "^1.0.0-8",
        "classnames": "^2.2.6",
        "rc-motion": "^2.3.0",
        "rc-util": "^5.21.0"
      },
      "peerDependencies": {
        "react": ">=16.9.0",
        "react-dom": ">=16.9.0"
      }
    },
    "node_modules/rc-drawer": {
      "version": "6.5.2",
      "resolved": "https://registry.npmjs.org/rc-drawer/-/rc-drawer-6.5.2.tgz",
      "integrity": "sha512-QckxAnQNdhh4vtmKN0ZwDf3iakO83W9eZcSKWYYTDv4qcD2fHhRAZJJ/OE6v2ZlQ2kSqCJX5gYssF4HJFvsEPQ==",
      "dependencies": {
        "@babel/runtime": "^7.10.1",
        "@rc-component/portal": "^1.1.1",
        "classnames": "^2.2.6",
        "rc-motion": "^2.6.1",
        "rc-util": "^5.36.0"
      },
      "peerDependencies": {
        "react": ">=16.9.0",
        "react-dom": ">=16.9.0"
      }
    },
    "node_modules/rc-dropdown": {
      "version": "4.1.0",
      "resolved": "https://registry.npmjs.org/rc-dropdown/-/rc-dropdown-4.1.0.tgz",
      "integrity": "sha512-VZjMunpBdlVzYpEdJSaV7WM7O0jf8uyDjirxXLZRNZ+tAC+NzD3PXPEtliFwGzVwBBdCmGuSqiS9DWcOLxQ9tw==",
      "dependencies": {
        "@babel/runtime": "^7.18.3",
        "@rc-component/trigger": "^1.7.0",
        "classnames": "^2.2.6",
        "rc-util": "^5.17.0"
      },
      "peerDependencies": {
        "react": ">=16.11.0",
        "react-dom": ">=16.11.0"
      }
    },
    "node_modules/rc-field-form": {
      "version": "1.40.0",
      "resolved": "https://registry.npmjs.org/rc-field-form/-/rc-field-form-1.40.0.tgz",
      "integrity": "sha512-OM3N01X2BYFGJDJcwpk9/BBtlwgveE7eh2SQAKIxVCt9KVWlODYJ9ypTHQdxchfDbeJKJKxMBFXlLAmyvlgPHg==",
      "dependencies": {
        "@babel/runtime": "^7.18.0",
        "async-validator": "^4.1.0",
        "rc-util": "^5.32.2"
      },
      "engines": {
        "node": ">=8.x"
      },
      "peerDependencies": {
        "react": ">=16.9.0",
        "react-dom": ">=16.9.0"
      }
    },
    "node_modules/rc-image": {
      "version": "7.3.2",
      "resolved": "https://registry.npmjs.org/rc-image/-/rc-image-7.3.2.tgz",
      "integrity": "sha512-ICEF6SWv9YKhDXxy1vrXcmf0TVvEcQWIww5Yg+f+mn7e4oGX7FNP4+FExwMjNO5UHBEuWrigbGhlCgI6yZZ1jg==",
      "dependencies": {
        "@babel/runtime": "^7.11.2",
        "@rc-component/portal": "^1.0.2",
        "classnames": "^2.2.6",
        "rc-dialog": "~9.3.4",
        "rc-motion": "^2.6.2",
        "rc-util": "^5.34.1"
      },
      "peerDependencies": {
        "react": ">=16.9.0",
        "react-dom": ">=16.9.0"
      }
    },
    "node_modules/rc-input": {
      "version": "1.3.5",
      "resolved": "https://registry.npmjs.org/rc-input/-/rc-input-1.3.5.tgz",
      "integrity": "sha512-SPPwbTJa5ACHNoDdGZF/70AOqqm1Rir3WleuFBKq+nFby1zvpnzvWsHJgzWOr6uJ0GNt8dTMzBrmVGQJkTXqqQ==",
      "dependencies": {
        "@babel/runtime": "^7.11.1",
        "classnames": "^2.2.1",
        "rc-util": "^5.18.1"
      },
      "peerDependencies": {
        "react": ">=16.0.0",
        "react-dom": ">=16.0.0"
      }
    },
    "node_modules/rc-input-number": {
      "version": "8.4.0",
      "resolved": "https://registry.npmjs.org/rc-input-number/-/rc-input-number-8.4.0.tgz",
      "integrity": "sha512-B6rziPOLRmeP7kcS5qbdC5hXvvDHYKV4vUxmahevYx2E6crS2bRi0xLDjhJ0E1HtOWo8rTmaE2EBJAkTCZOLdA==",
      "dependencies": {
        "@babel/runtime": "^7.10.1",
        "@rc-component/mini-decimal": "^1.0.1",
        "classnames": "^2.2.5",
        "rc-input": "~1.3.5",
        "rc-util": "^5.28.0"
      },
      "peerDependencies": {
        "react": ">=16.9.0",
        "react-dom": ">=16.9.0"
      }
    },
    "node_modules/rc-mentions": {
      "version": "2.9.1",
      "resolved": "https://registry.npmjs.org/rc-mentions/-/rc-mentions-2.9.1.tgz",
      "integrity": "sha512-cZuElWr/5Ws0PXx1uxobxfYh4mqUw2FitfabR62YnWgm+WAfDyXZXqZg5DxXW+M1cgVvntrQgDDd9LrihrXzew==",
      "dependencies": {
        "@babel/runtime": "^7.22.5",
        "@rc-component/trigger": "^1.5.0",
        "classnames": "^2.2.6",
        "rc-input": "~1.3.5",
        "rc-menu": "~9.12.0",
        "rc-textarea": "~1.5.0",
        "rc-util": "^5.34.1"
      },
      "peerDependencies": {
        "react": ">=16.9.0",
        "react-dom": ">=16.9.0"
      }
    },
    "node_modules/rc-menu": {
      "version": "9.12.2",
      "resolved": "https://registry.npmjs.org/rc-menu/-/rc-menu-9.12.2.tgz",
      "integrity": "sha512-NzloFH2pRUYmQ3S/YbJAvRkgCZaLvq0sRa5rgJtuIHLfPPprNHNyepeSlT64+dbVqI4qRWL44VN0lUCldCbbfg==",
      "dependencies": {
        "@babel/runtime": "^7.10.1",
        "@rc-component/trigger": "^1.17.0",
        "classnames": "2.x",
        "rc-motion": "^2.4.3",
        "rc-overflow": "^1.3.1",
        "rc-util": "^5.27.0"
      },
      "peerDependencies": {
        "react": ">=16.9.0",
        "react-dom": ">=16.9.0"
      }
    },
    "node_modules/rc-motion": {
      "version": "2.9.0",
      "resolved": "https://registry.npmjs.org/rc-motion/-/rc-motion-2.9.0.tgz",
      "integrity": "sha512-XIU2+xLkdIr1/h6ohPZXyPBMvOmuyFZQ/T0xnawz+Rh+gh4FINcnZmMT5UTIj6hgI0VLDjTaPeRd+smJeSPqiQ==",
      "dependencies": {
        "@babel/runtime": "^7.11.1",
        "classnames": "^2.2.1",
        "rc-util": "^5.21.0"
      },
      "peerDependencies": {
        "react": ">=16.9.0",
        "react-dom": ">=16.9.0"
      }
    },
    "node_modules/rc-notification": {
      "version": "5.3.0",
      "resolved": "https://registry.npmjs.org/rc-notification/-/rc-notification-5.3.0.tgz",
      "integrity": "sha512-WCf0uCOkZ3HGfF0p1H4Sgt7aWfipxORWTPp7o6prA3vxwtWhtug3GfpYls1pnBp4WA+j8vGIi5c2/hQRpGzPcQ==",
      "dependencies": {
        "@babel/runtime": "^7.10.1",
        "classnames": "2.x",
        "rc-motion": "^2.9.0",
        "rc-util": "^5.20.1"
      },
      "engines": {
        "node": ">=8.x"
      },
      "peerDependencies": {
        "react": ">=16.9.0",
        "react-dom": ">=16.9.0"
      }
    },
    "node_modules/rc-overflow": {
      "version": "1.3.2",
      "resolved": "https://registry.npmjs.org/rc-overflow/-/rc-overflow-1.3.2.tgz",
      "integrity": "sha512-nsUm78jkYAoPygDAcGZeC2VwIg/IBGSodtOY3pMof4W3M9qRJgqaDYm03ZayHlde3I6ipliAxbN0RUcGf5KOzw==",
      "dependencies": {
        "@babel/runtime": "^7.11.1",
        "classnames": "^2.2.1",
        "rc-resize-observer": "^1.0.0",
        "rc-util": "^5.37.0"
      },
      "peerDependencies": {
        "react": ">=16.9.0",
        "react-dom": ">=16.9.0"
      }
    },
    "node_modules/rc-pagination": {
      "version": "3.7.0",
      "resolved": "https://registry.npmjs.org/rc-pagination/-/rc-pagination-3.7.0.tgz",
      "integrity": "sha512-IxSzKapd13L91/195o1TPkKnCNw8gIR25UP1GCW/7c7n/slhld4npu2j2PB9IWjXm4SssaAaSAt2lscYog7wzg==",
      "dependencies": {
        "@babel/runtime": "^7.10.1",
        "classnames": "^2.2.1",
        "rc-util": "^5.32.2"
      },
      "peerDependencies": {
        "react": ">=16.9.0",
        "react-dom": ">=16.9.0"
      }
    },
    "node_modules/rc-picker": {
      "version": "3.14.6",
      "resolved": "https://registry.npmjs.org/rc-picker/-/rc-picker-3.14.6.tgz",
      "integrity": "sha512-AdKKW0AqMwZsKvIpwUWDUnpuGKZVrbxVTZTNjcO+pViGkjC1EBcjMgxVe8tomOEaIHJL5Gd13vS8Rr3zzxWmag==",
      "dependencies": {
        "@babel/runtime": "^7.10.1",
        "@rc-component/trigger": "^1.5.0",
        "classnames": "^2.2.1",
        "rc-util": "^5.30.0"
      },
      "engines": {
        "node": ">=8.x"
      },
      "peerDependencies": {
        "date-fns": ">= 2.x",
        "dayjs": ">= 1.x",
        "luxon": ">= 3.x",
        "moment": ">= 2.x",
        "react": ">=16.9.0",
        "react-dom": ">=16.9.0"
      },
      "peerDependenciesMeta": {
        "date-fns": {
          "optional": true
        },
        "dayjs": {
          "optional": true
        },
        "luxon": {
          "optional": true
        },
        "moment": {
          "optional": true
        }
      }
    },
    "node_modules/rc-progress": {
      "version": "3.5.1",
      "resolved": "https://registry.npmjs.org/rc-progress/-/rc-progress-3.5.1.tgz",
      "integrity": "sha512-V6Amx6SbLRwPin/oD+k1vbPrO8+9Qf8zW1T8A7o83HdNafEVvAxPV5YsgtKFP+Ud5HghLj33zKOcEHrcrUGkfw==",
      "dependencies": {
        "@babel/runtime": "^7.10.1",
        "classnames": "^2.2.6",
        "rc-util": "^5.16.1"
      },
      "peerDependencies": {
        "react": ">=16.9.0",
        "react-dom": ">=16.9.0"
      }
    },
    "node_modules/rc-rate": {
      "version": "2.12.0",
      "resolved": "https://registry.npmjs.org/rc-rate/-/rc-rate-2.12.0.tgz",
      "integrity": "sha512-g092v5iZCdVzbjdn28FzvWebK2IutoVoiTeqoLTj9WM7SjA/gOJIw5/JFZMRyJYYVe1jLAU2UhAfstIpCNRozg==",
      "dependencies": {
        "@babel/runtime": "^7.10.1",
        "classnames": "^2.2.5",
        "rc-util": "^5.0.1"
      },
      "engines": {
        "node": ">=8.x"
      },
      "peerDependencies": {
        "react": ">=16.9.0",
        "react-dom": ">=16.9.0"
      }
    },
    "node_modules/rc-resize-observer": {
      "version": "1.4.0",
      "resolved": "https://registry.npmjs.org/rc-resize-observer/-/rc-resize-observer-1.4.0.tgz",
      "integrity": "sha512-PnMVyRid9JLxFavTjeDXEXo65HCRqbmLBw9xX9gfC4BZiSzbLXKzW3jPz+J0P71pLbD5tBMTT+mkstV5gD0c9Q==",
      "dependencies": {
        "@babel/runtime": "^7.20.7",
        "classnames": "^2.2.1",
        "rc-util": "^5.38.0",
        "resize-observer-polyfill": "^1.5.1"
      },
      "peerDependencies": {
        "react": ">=16.9.0",
        "react-dom": ">=16.9.0"
      }
    },
    "node_modules/rc-segmented": {
      "version": "2.2.2",
      "resolved": "https://registry.npmjs.org/rc-segmented/-/rc-segmented-2.2.2.tgz",
      "integrity": "sha512-Mq52M96QdHMsNdE/042ibT5vkcGcD5jxKp7HgPC2SRofpia99P5fkfHy1pEaajLMF/kj0+2Lkq1UZRvqzo9mSA==",
      "dependencies": {
        "@babel/runtime": "^7.11.1",
        "classnames": "^2.2.1",
        "rc-motion": "^2.4.4",
        "rc-util": "^5.17.0"
      },
      "peerDependencies": {
        "react": ">=16.0.0",
        "react-dom": ">=16.0.0"
      }
    },
    "node_modules/rc-select": {
      "version": "14.10.0",
      "resolved": "https://registry.npmjs.org/rc-select/-/rc-select-14.10.0.tgz",
      "integrity": "sha512-TsIJTYafTTapCA32LLNpx/AD6ntepR1TG8jEVx35NiAAWCPymhUfuca8kRcUNd3WIGVMDcMKn9kkphoxEz+6Ag==",
      "dependencies": {
        "@babel/runtime": "^7.10.1",
        "@rc-component/trigger": "^1.5.0",
        "classnames": "2.x",
        "rc-motion": "^2.0.1",
        "rc-overflow": "^1.3.1",
        "rc-util": "^5.16.1",
        "rc-virtual-list": "^3.5.2"
      },
      "engines": {
        "node": ">=8.x"
      },
      "peerDependencies": {
        "react": "*",
        "react-dom": "*"
      }
    },
    "node_modules/rc-slider": {
      "version": "10.4.0",
      "resolved": "https://registry.npmjs.org/rc-slider/-/rc-slider-10.4.0.tgz",
      "integrity": "sha512-ZlpWjFhOlEf0w4Ng31avFBkXNNBj60NAcTPaIoiCxBkJ29wOtHSPMqv9PZeEoqmx64bpJkgK7kPa47HG4LPzww==",
      "dependencies": {
        "@babel/runtime": "^7.10.1",
        "classnames": "^2.2.5",
        "rc-util": "^5.27.0"
      },
      "engines": {
        "node": ">=8.x"
      },
      "peerDependencies": {
        "react": ">=16.9.0",
        "react-dom": ">=16.9.0"
      }
    },
    "node_modules/rc-steps": {
      "version": "6.0.1",
      "resolved": "https://registry.npmjs.org/rc-steps/-/rc-steps-6.0.1.tgz",
      "integrity": "sha512-lKHL+Sny0SeHkQKKDJlAjV5oZ8DwCdS2hFhAkIjuQt1/pB81M0cA0ErVFdHq9+jmPmFw1vJB2F5NBzFXLJxV+g==",
      "dependencies": {
        "@babel/runtime": "^7.16.7",
        "classnames": "^2.2.3",
        "rc-util": "^5.16.1"
      },
      "engines": {
        "node": ">=8.x"
      },
      "peerDependencies": {
        "react": ">=16.9.0",
        "react-dom": ">=16.9.0"
      }
    },
    "node_modules/rc-switch": {
      "version": "4.1.0",
      "resolved": "https://registry.npmjs.org/rc-switch/-/rc-switch-4.1.0.tgz",
      "integrity": "sha512-TI8ufP2Az9oEbvyCeVE4+90PDSljGyuwix3fV58p7HV2o4wBnVToEyomJRVyTaZeqNPAp+vqeo4Wnj5u0ZZQBg==",
      "dependencies": {
        "@babel/runtime": "^7.21.0",
        "classnames": "^2.2.1",
        "rc-util": "^5.30.0"
      },
      "peerDependencies": {
        "react": ">=16.9.0",
        "react-dom": ">=16.9.0"
      }
    },
    "node_modules/rc-table": {
      "version": "7.35.2",
      "resolved": "https://registry.npmjs.org/rc-table/-/rc-table-7.35.2.tgz",
      "integrity": "sha512-ZLIZdAEdfen21FI21xt2LDg9chQ7gc5Lpy4nkjWKPDgmQMnH0KJ8JQQzrd3zrEN16xzjiVdHHvRmi1RU8BtgYg==",
      "dependencies": {
        "@babel/runtime": "^7.10.1",
        "@rc-component/context": "^1.4.0",
        "classnames": "^2.2.5",
        "rc-resize-observer": "^1.1.0",
        "rc-util": "^5.37.0",
        "rc-virtual-list": "^3.11.1"
      },
      "engines": {
        "node": ">=8.x"
      },
      "peerDependencies": {
        "react": ">=16.9.0",
        "react-dom": ">=16.9.0"
      }
    },
    "node_modules/rc-tabs": {
      "version": "12.13.1",
      "resolved": "https://registry.npmjs.org/rc-tabs/-/rc-tabs-12.13.1.tgz",
      "integrity": "sha512-83u3l2QkO0UznCzdBLEk9WnNcT+imtmDmMT993sUUEOGnNQAmqOdev0XjeqrcvsAMe9CDpAWDFd7L/RZw+LVJQ==",
      "dependencies": {
        "@babel/runtime": "^7.11.2",
        "classnames": "2.x",
        "rc-dropdown": "~4.1.0",
        "rc-menu": "~9.12.0",
        "rc-motion": "^2.6.2",
        "rc-resize-observer": "^1.0.0",
        "rc-util": "^5.34.1"
      },
      "engines": {
        "node": ">=8.x"
      },
      "peerDependencies": {
        "react": ">=16.9.0",
        "react-dom": ">=16.9.0"
      }
    },
    "node_modules/rc-textarea": {
      "version": "1.5.1",
      "resolved": "https://registry.npmjs.org/rc-textarea/-/rc-textarea-1.5.1.tgz",
      "integrity": "sha512-Ail1VithjvJTkaZj2Zj3qG+j9iLxlD2nhEaRoFQzSjA/EN6qCLppuiyZ8ezEstYeazxulRNx1Bl2fDHsS5bsVQ==",
      "dependencies": {
        "@babel/runtime": "^7.10.1",
        "classnames": "^2.2.1",
        "rc-input": "~1.3.5",
        "rc-resize-observer": "^1.0.0",
        "rc-util": "^5.27.0"
      },
      "peerDependencies": {
        "react": ">=16.9.0",
        "react-dom": ">=16.9.0"
      }
    },
    "node_modules/rc-tooltip": {
      "version": "6.1.2",
      "resolved": "https://registry.npmjs.org/rc-tooltip/-/rc-tooltip-6.1.2.tgz",
      "integrity": "sha512-89zwvybvCxGJu3+gGF8w5AXd4HHk6hIN7K0vZbkzjilVaEAIWPqc1fcyeUeP71n3VCcw7pTL9LyFupFbrx8gHw==",
      "dependencies": {
        "@babel/runtime": "^7.11.2",
        "@rc-component/trigger": "^1.18.0",
        "classnames": "^2.3.1"
      },
      "peerDependencies": {
        "react": ">=16.9.0",
        "react-dom": ">=16.9.0"
      }
    },
    "node_modules/rc-tree": {
      "version": "5.8.2",
      "resolved": "https://registry.npmjs.org/rc-tree/-/rc-tree-5.8.2.tgz",
      "integrity": "sha512-xH/fcgLHWTLmrSuNphU8XAqV7CdaOQgm4KywlLGNoTMhDAcNR3GVNP6cZzb0GrKmIZ9yae+QLot/cAgUdPRMzg==",
      "dependencies": {
        "@babel/runtime": "^7.10.1",
        "classnames": "2.x",
        "rc-motion": "^2.0.1",
        "rc-util": "^5.16.1",
        "rc-virtual-list": "^3.5.1"
      },
      "engines": {
        "node": ">=10.x"
      },
      "peerDependencies": {
        "react": "*",
        "react-dom": "*"
      }
    },
    "node_modules/rc-tree-select": {
      "version": "5.15.0",
      "resolved": "https://registry.npmjs.org/rc-tree-select/-/rc-tree-select-5.15.0.tgz",
      "integrity": "sha512-YJHfdO6azFnR0/JuNBZLDptGE4/RGfVeHAafUIYcm2T3RBkL1O8aVqiHvwIyLzdK59ry0NLrByd+3TkfpRM+9Q==",
      "dependencies": {
        "@babel/runtime": "^7.10.1",
        "classnames": "2.x",
        "rc-select": "~14.10.0",
        "rc-tree": "~5.8.1",
        "rc-util": "^5.16.1"
      },
      "peerDependencies": {
        "react": "*",
        "react-dom": "*"
      }
    },
    "node_modules/rc-upload": {
      "version": "4.3.5",
      "resolved": "https://registry.npmjs.org/rc-upload/-/rc-upload-4.3.5.tgz",
      "integrity": "sha512-EHlKJbhkgFSQHliTj9v/2K5aEuFwfUQgZARzD7AmAPOneZEPiCNF3n6PEWIuqz9h7oq6FuXgdR67sC5BWFxJbA==",
      "dependencies": {
        "@babel/runtime": "^7.18.3",
        "classnames": "^2.2.5",
        "rc-util": "^5.2.0"
      },
      "peerDependencies": {
        "react": ">=16.9.0",
        "react-dom": ">=16.9.0"
      }
    },
    "node_modules/rc-util": {
      "version": "5.38.0",
      "resolved": "https://registry.npmjs.org/rc-util/-/rc-util-5.38.0.tgz",
      "integrity": "sha512-yV/YBNdFn+edyBpBdCqkPE29Su0jWcHNgwx2dJbRqMrMfrUcMJUjCRV+ZPhcvWyKFJ63GzEerPrz9JIVo0zXmA==",
      "dependencies": {
        "@babel/runtime": "^7.18.3",
        "react-is": "^18.2.0"
      },
      "peerDependencies": {
        "react": ">=16.9.0",
        "react-dom": ">=16.9.0"
      }
    },
    "node_modules/rc-util/node_modules/react-is": {
      "version": "18.2.0",
      "resolved": "https://registry.npmjs.org/react-is/-/react-is-18.2.0.tgz",
      "integrity": "sha512-xWGDIW6x921xtzPkhiULtthJHoJvBbF3q26fzloPCK0hsvxtPVelvftw3zjbHWSkR2km9Z+4uxbDDK/6Zw9B8w=="
    },
    "node_modules/rc-virtual-list": {
      "version": "3.11.3",
      "resolved": "https://registry.npmjs.org/rc-virtual-list/-/rc-virtual-list-3.11.3.tgz",
      "integrity": "sha512-tu5UtrMk/AXonHwHxUogdXAWynaXsrx1i6dsgg+lOo/KJSF8oBAcprh1z5J3xgnPJD5hXxTL58F8s8onokdt0Q==",
      "dependencies": {
        "@babel/runtime": "^7.20.0",
        "classnames": "^2.2.6",
        "rc-resize-observer": "^1.0.0",
        "rc-util": "^5.36.0"
      },
      "engines": {
        "node": ">=8.x"
      },
      "peerDependencies": {
        "react": "*",
        "react-dom": "*"
      }
    },
    "node_modules/react": {
      "version": "18.2.0",
      "license": "MIT",
      "peer": true,
      "dependencies": {
        "loose-envify": "^1.1.0"
      },
      "engines": {
        "node": ">=0.10.0"
      }
    },
    "node_modules/react-dom": {
      "version": "18.2.0",
      "license": "MIT",
      "peer": true,
      "dependencies": {
        "loose-envify": "^1.1.0",
        "scheduler": "^0.23.0"
      },
      "peerDependencies": {
        "react": "^18.2.0"
      }
    },
    "node_modules/regenerator-runtime": {
      "version": "0.14.0",
      "license": "MIT"
    },
    "node_modules/resize-observer-polyfill": {
      "version": "1.5.1",
      "resolved": "https://registry.npmjs.org/resize-observer-polyfill/-/resize-observer-polyfill-1.5.1.tgz",
      "integrity": "sha512-LwZrotdHOo12nQuZlHEmtuXdqGoOD0OhaxopaNFxWzInpEgaLWoVuAMbTzixuosCx2nEG58ngzW3vxdWoxIgdg=="
    },
    "node_modules/scheduler": {
      "version": "0.23.0",
      "license": "MIT",
      "peer": true,
      "dependencies": {
        "loose-envify": "^1.1.0"
      }
    },
    "node_modules/scroll-into-view-if-needed": {
      "version": "3.1.0",
      "resolved": "https://registry.npmjs.org/scroll-into-view-if-needed/-/scroll-into-view-if-needed-3.1.0.tgz",
      "integrity": "sha512-49oNpRjWRvnU8NyGVmUaYG4jtTkNonFZI86MmGRDqBphEK2EXT9gdEUoQPZhuBM8yWHxCWbobltqYO5M4XrUvQ==",
      "dependencies": {
        "compute-scroll-into-view": "^3.0.2"
      }
    },
    "node_modules/string-convert": {
      "version": "0.2.1",
      "resolved": "https://registry.npmjs.org/string-convert/-/string-convert-0.2.1.tgz",
      "integrity": "sha512-u/1tdPl4yQnPBjnVrmdLo9gtuLvELKsAoRapekWggdiQNvvvum+jYF329d84NAa660KQw7pB2n36KrIKVoXa3A=="
    },
    "node_modules/stylis": {
      "version": "4.3.0",
      "resolved": "https://registry.npmjs.org/stylis/-/stylis-4.3.0.tgz",
      "integrity": "sha512-E87pIogpwUsUwXw7dNyU4QDjdgVMy52m+XEOPEKUn161cCzWjjhPSQhByfd1CcNvrOLnXQ6OnnZDwnJrz/Z4YQ=="
    },
    "node_modules/throttle-debounce": {
      "version": "5.0.0",
      "resolved": "https://registry.npmjs.org/throttle-debounce/-/throttle-debounce-5.0.0.tgz",
      "integrity": "sha512-2iQTSgkkc1Zyk0MeVrt/3BvuOXYPl/R8Z0U2xxo9rjwNciaHDG3R+Lm6dh4EeUci49DanvBnuqI6jshoQQRGEg==",
      "engines": {
        "node": ">=12.22"
      }
    },
    "node_modules/toggle-selection": {
      "version": "1.0.6",
      "resolved": "https://registry.npmjs.org/toggle-selection/-/toggle-selection-1.0.6.tgz",
      "integrity": "sha512-BiZS+C1OS8g/q2RRbJmy59xpyghNBqrr6k5L/uKBGRsTfxmu3ffiRnd8mlGPUVayg8pvfi5urfnu8TU7DVOkLQ=="
    }
  }
}
